
Microsoft Visual Studio Solution File, Format Version 12.00
# Visual Studio Version 16
VisualStudioVersion = 16.0.29424.173
MinimumVisualStudioVersion = 10.0.40219.1
Project("{9A19103F-16F7-4668-BE54-9A1E7A4F7556}") = "AdventOfCode.Solutions2019", "src\AdventOfCode.Solutions2019\AdventOfCode.Solutions2019.csproj", "{0E3E84FA-74D9-4EA9-9D92-643C380F31B2}"
EndProject
Project("{9A19103F-16F7-4668-BE54-9A1E7A4F7556}") = "AdventOfCode.Executor", "src\AdventOfCode.Executor\AdventOfCode.Executor.csproj", "{A1B46A2B-81F4-466E-9A50-246B038B0319}"
EndProject
Project("{FAE04EC0-301F-11D3-BF4B-00C04F79EFBC}") = "AdventOfCode.Solutions2015", "src\AdventOfCode.Solutions2015\AdventOfCode.Solutions2015.csproj", "{8714A8C7-72E1-434A-A0DE-4F11562E6D7E}"
EndProject
Project("{FAE04EC0-301F-11D3-BF4B-00C04F79EFBC}") = "AdventOfCode.Utilities", "src\AdventOfCode.Utilities\AdventOfCode.Utilities.csproj", "{43BB31D7-3DCD-4895-AC00-91E73F16EDB3}"
EndProject
Project("{FAE04EC0-301F-11D3-BF4B-00C04F79EFBC}") = "AdventOfCode.Solutions2020", "src\AdventOfCode.Solutions2020\AdventOfCode.Solutions2020.csproj", "{0A063658-D142-4E8D-8E0F-871F0CADC847}"
EndProject
Project("{FAE04EC0-301F-11D3-BF4B-00C04F79EFBC}") = "AdventOfCode.Solutions2018", "src\AdventOfCode.Solutions2018\AdventOfCode.Solutions2018.csproj", "{FA5DB9F4-BBA2-46E7-A820-A605648EDD83}"
EndProject
Project("{FAE04EC0-301F-11D3-BF4B-00C04F79EFBC}") = "AdventOfCode.Solutions2016", "src\AdventOfCode.Solutions2016\AdventOfCode.Solutions2016.csproj", "{5EAE0744-73BA-428C-B665-FA79569B93BA}"
EndProject
Project("{FAE04EC0-301F-11D3-BF4B-00C04F79EFBC}") = "AdventOfCode.Solutions2017", "src\AdventOfCode.Solutions2017\AdventOfCode.Solutions2017.csproj", "{FBB8EC96-8EC9-4342-BC1A-998B852F61C6}"
EndProject
Project("{FAE04EC0-301F-11D3-BF4B-00C04F79EFBC}") = "AdventOfCode.Solutions2021", "src\AdventOfCode.Solutions2021\AdventOfCode.Solutions2021.csproj", "{894B782A-454A-4F80-B7D5-BFCBD9A292D8}"
EndProject
Global
	GlobalSection(SolutionConfigurationPlatforms) = preSolution
		Debug|Any CPU = Debug|Any CPU
		Release|Any CPU = Release|Any CPU
	EndGlobalSection
	GlobalSection(ProjectConfigurationPlatforms) = postSolution
		{0E3E84FA-74D9-4EA9-9D92-643C380F31B2}.Debug|Any CPU.ActiveCfg = Debug|Any CPU
		{0E3E84FA-74D9-4EA9-9D92-643C380F31B2}.Debug|Any CPU.Build.0 = Debug|Any CPU
		{0E3E84FA-74D9-4EA9-9D92-643C380F31B2}.Release|Any CPU.ActiveCfg = Release|Any CPU
		{0E3E84FA-74D9-4EA9-9D92-643C380F31B2}.Release|Any CPU.Build.0 = Release|Any CPU
		{A1B46A2B-81F4-466E-9A50-246B038B0319}.Debug|Any CPU.ActiveCfg = Debug|Any CPU
		{A1B46A2B-81F4-466E-9A50-246B038B0319}.Debug|Any CPU.Build.0 = Debug|Any CPU
		{A1B46A2B-81F4-466E-9A50-246B038B0319}.Release|Any CPU.ActiveCfg = Release|Any CPU
		{A1B46A2B-81F4-466E-9A50-246B038B0319}.Release|Any CPU.Build.0 = Release|Any CPU
		{8714A8C7-72E1-434A-A0DE-4F11562E6D7E}.Debug|Any CPU.ActiveCfg = Debug|Any CPU
		{8714A8C7-72E1-434A-A0DE-4F11562E6D7E}.Debug|Any CPU.Build.0 = Debug|Any CPU
		{8714A8C7-72E1-434A-A0DE-4F11562E6D7E}.Release|Any CPU.ActiveCfg = Release|Any CPU
		{8714A8C7-72E1-434A-A0DE-4F11562E6D7E}.Release|Any CPU.Build.0 = Release|Any CPU
		{43BB31D7-3DCD-4895-AC00-91E73F16EDB3}.Debug|Any CPU.ActiveCfg = Debug|Any CPU
		{43BB31D7-3DCD-4895-AC00-91E73F16EDB3}.Debug|Any CPU.Build.0 = Debug|Any CPU
		{43BB31D7-3DCD-4895-AC00-91E73F16EDB3}.Release|Any CPU.ActiveCfg = Release|Any CPU
		{43BB31D7-3DCD-4895-AC00-91E73F16EDB3}.Release|Any CPU.Build.0 = Release|Any CPU
		{0A063658-D142-4E8D-8E0F-871F0CADC847}.Debug|Any CPU.ActiveCfg = Debug|Any CPU
		{0A063658-D142-4E8D-8E0F-871F0CADC847}.Debug|Any CPU.Build.0 = Debug|Any CPU
		{0A063658-D142-4E8D-8E0F-871F0CADC847}.Release|Any CPU.ActiveCfg = Release|Any CPU
		{0A063658-D142-4E8D-8E0F-871F0CADC847}.Release|Any CPU.Build.0 = Release|Any CPU
		{FA5DB9F4-BBA2-46E7-A820-A605648EDD83}.Debug|Any CPU.ActiveCfg = Debug|Any CPU
		{FA5DB9F4-BBA2-46E7-A820-A605648EDD83}.Debug|Any CPU.Build.0 = Debug|Any CPU
		{FA5DB9F4-BBA2-46E7-A820-A605648EDD83}.Release|Any CPU.ActiveCfg = Release|Any CPU
		{FA5DB9F4-BBA2-46E7-A820-A605648EDD83}.Release|Any CPU.Build.0 = Release|Any CPU
		{5EAE0744-73BA-428C-B665-FA79569B93BA}.Debug|Any CPU.ActiveCfg = Debug|Any CPU
		{5EAE0744-73BA-428C-B665-FA79569B93BA}.Debug|Any CPU.Build.0 = Debug|Any CPU
		{5EAE0744-73BA-428C-B665-FA79569B93BA}.Release|Any CPU.ActiveCfg = Release|Any CPU
		{5EAE0744-73BA-428C-B665-FA79569B93BA}.Release|Any CPU.Build.0 = Release|Any CPU
		{FBB8EC96-8EC9-4342-BC1A-998B852F61C6}.Debug|Any CPU.ActiveCfg = Debug|Any CPU
		{FBB8EC96-8EC9-4342-BC1A-998B852F61C6}.Debug|Any CPU.Build.0 = Debug|Any CPU
		{FBB8EC96-8EC9-4342-BC1A-998B852F61C6}.Release|Any CPU.ActiveCfg = Release|Any CPU
		{FBB8EC96-8EC9-4342-BC1A-998B852F61C6}.Release|Any CPU.Build.0 = Release|Any CPU
		{894B782A-454A-4F80-B7D5-BFCBD9A292D8}.Debug|Any CPU.ActiveCfg = Debug|Any CPU
		{894B782A-454A-4F80-B7D5-BFCBD9A292D8}.Debug|Any CPU.Build.0 = Debug|Any CPU
		{894B782A-454A-4F80-B7D5-BFCBD9A292D8}.Release|Any CPU.ActiveCfg = Release|Any CPU
		{894B782A-454A-4F80-B7D5-BFCBD9A292D8}.Release|Any CPU.Build.0 = Release|Any CPU
	EndGlobalSection
	GlobalSection(SolutionProperties) = preSolution
		HideSolutionNode = FALSE
	EndGlobalSection
	GlobalSection(ExtensibilityGlobals) = postSolution
		SolutionGuid = {BCE82041-0ECB-4AC7-BCDF-9CDE1D38A7BC}
	EndGlobalSection
EndGlobal
